
Microsoft Visual Studio Solution File, Format Version 12.00
# Visual Studio 15
VisualStudioVersion = 15.0.28307.271
MinimumVisualStudioVersion = 10.0.40219.1
Project("{9A19103F-16F7-4668-BE54-9A1E7A4F7556}") = "MetadataService", "MetadataService\MetadataService.csproj", "{EB833DE7-3435-4402-B8D6-D3C1765B9054}"
EndProject
Project("{FAE04EC0-301F-11D3-BF4B-00C04F79EFBC}") = "AuthExample", "AuthExample\AuthExample.csproj", "{F965720A-2668-4840-AFD5-895964F77215}"
EndProject
Global
	GlobalSection(SolutionConfigurationPlatforms) = preSolution
		Debug|Any CPU = Debug|Any CPU
		Release|Any CPU = Release|Any CPU
	EndGlobalSection
	GlobalSection(ProjectConfigurationPlatforms) = postSolution
		{EB833DE7-3435-4402-B8D6-D3C1765B9054}.Debug|Any CPU.ActiveCfg = Debug|Any CPU
		{EB833DE7-3435-4402-B8D6-D3C1765B9054}.Debug|Any CPU.Build.0 = Debug|Any CPU
		{EB833DE7-3435-4402-B8D6-D3C1765B9054}.Release|Any CPU.ActiveCfg = Release|Any CPU
		{EB833DE7-3435-4402-B8D6-D3C1765B9054}.Release|Any CPU.Build.0 = Release|Any CPU
		{F965720A-2668-4840-AFD5-895964F77215}.Debug|Any CPU.ActiveCfg = Debug|Any CPU
		{F965720A-2668-4840-AFD5-895964F77215}.Debug|Any CPU.Build.0 = Debug|Any CPU
		{F965720A-2668-4840-AFD5-895964F77215}.Release|Any CPU.ActiveCfg = Release|Any CPU
		{F965720A-2668-4840-AFD5-895964F77215}.Release|Any CPU.Build.0 = Release|Any CPU
	EndGlobalSection
	GlobalSection(SolutionProperties) = preSolution
		HideSolutionNode = FALSE
	EndGlobalSection
	GlobalSection(ExtensibilityGlobals) = postSolution
		SolutionGuid = {BD7AF90F-BF36-4661-8896-DD54E51D8914}
	EndGlobalSection
EndGlobal
